
Microsoft Visual Studio Solution File, Format Version 12.00
# Visual Studio 16
Project("{FAE04EC0-301F-11D3-BF4B-00C04F79EFBC}") = "Assembly-CSharp", "Assembly-CSharp.csproj", "{3C35611F-37D4-6DD7-7B0D-B3C18ACA0979}"
EndProject
Project("{FAE04EC0-301F-11D3-BF4B-00C04F79EFBC}") = "Assembly-CSharp-firstpass", "Assembly-CSharp-firstpass.csproj", "{6B189E28-C9DA-F317-8A84-346263545844}"
EndProject
Project("{FAE04EC0-301F-11D3-BF4B-00C04F79EFBC}") = "Assembly-CSharp-Editor", "Assembly-CSharp-Editor.csproj", "{E7DB7835-D4EC-826A-2001-12439B01E9F3}"
EndProject
Global
	GlobalSection(SolutionConfigurationPlatforms) = preSolution
		Debug|Any CPU = Debug|Any CPU
		Release|Any CPU = Release|Any CPU
	EndGlobalSection
	GlobalSection(ProjectConfigurationPlatforms) = postSolution
		{3C35611F-37D4-6DD7-7B0D-B3C18ACA0979}.Debug|Any CPU.ActiveCfg = Debug|Any CPU
		{3C35611F-37D4-6DD7-7B0D-B3C18ACA0979}.Debug|Any CPU.Build.0 = Debug|Any CPU
		{3C35611F-37D4-6DD7-7B0D-B3C18ACA0979}.Release|Any CPU.ActiveCfg = Release|Any CPU
		{3C35611F-37D4-6DD7-7B0D-B3C18ACA0979}.Release|Any CPU.Build.0 = Release|Any CPU
		{6B189E28-C9DA-F317-8A84-346263545844}.Debug|Any CPU.ActiveCfg = Debug|Any CPU
		{6B189E28-C9DA-F317-8A84-346263545844}.Debug|Any CPU.Build.0 = Debug|Any CPU
		{6B189E28-C9DA-F317-8A84-346263545844}.Release|Any CPU.ActiveCfg = Release|Any CPU
		{6B189E28-C9DA-F317-8A84-346263545844}.Release|Any CPU.Build.0 = Release|Any CPU
		{E7DB7835-D4EC-826A-2001-12439B01E9F3}.Debug|Any CPU.ActiveCfg = Debug|Any CPU
		{E7DB7835-D4EC-826A-2001-12439B01E9F3}.Debug|Any CPU.Build.0 = Debug|Any CPU
		{E7DB7835-D4EC-826A-2001-12439B01E9F3}.Release|Any CPU.ActiveCfg = Release|Any CPU
		{E7DB7835-D4EC-826A-2001-12439B01E9F3}.Release|Any CPU.Build.0 = Release|Any CPU
	EndGlobalSection
	GlobalSection(SolutionProperties) = preSolution
		HideSolutionNode = FALSE
	EndGlobalSection
EndGlobal
